%{
  "bunch": {:hex, :bunch, "0.1.2", "2389a4bcdb62382fbfeed9e19952cc22452dc0c01b4bcac941cce00ef212d7b4", [:mix], [], "hexpm"},
  "bunch_native": {:hex, :bunch_native, "0.1.1", "9895b2cf5e5c6847af5de80c8d485ea9c69021a21e74c7237ab64e7a225c06c2", [:mix], [{:bundlex, "~> 0.1", [hex: :bundlex, repo: "hexpm", optional: false]}], "hexpm"},
  "bundlex": {:hex, :bundlex, "0.1.3", "f55cce979fe656e48ae7fc4d36a90c65fce907632d65b54828388735a71b840b", [:mix], [{:porcelain, "~> 2.0", [hex: :porcelain, repo: "hexpm", optional: false]}], "hexpm"},
  "earmark": {:hex, :earmark, "1.2.6", "b6da42b3831458d3ecc57314dff3051b080b9b2be88c2e5aa41cd642a5b044ed", [:mix], [], "hexpm"},
  "ex_doc": {:hex, :ex_doc, "0.19.1", "519bb9c19526ca51d326c060cb1778d4a9056b190086a8c6c115828eaccea6cf", [:mix], [{:earmark, "~> 1.1", [hex: :earmark, repo: "hexpm", optional: false]}, {:makeup_elixir, "~> 0.7", [hex: :makeup_elixir, repo: "hexpm", optional: false]}], "hexpm"},
  "exprintf": {:hex, :exprintf, "0.2.1", "b7e895dfb00520cfb7fc1671303b63b37dc3897c59be7cbf1ae62f766a8a0314", [:mix], [], "hexpm"},
  "exprof": {:hex, :exprof, "0.2.3", "8d4d657d73fc0c9ef1e30b2f9207b26ccbd2aec2baf1ca43f0b6d244c841c9f8", [:mix], [{:exprintf, "~> 0.2", [hex: :exprintf, repo: "hexpm", optional: false]}], "hexpm"},
  "makeup": {:hex, :makeup, "0.5.5", "9e08dfc45280c5684d771ad58159f718a7b5788596099bdfb0284597d368a882", [:mix], [{:nimble_parsec, "~> 0.4", [hex: :nimble_parsec, repo: "hexpm", optional: false]}], "hexpm"},
  "makeup_elixir": {:hex, :makeup_elixir, "0.10.0", "0f09c2ddf352887a956d84f8f7e702111122ca32fbbc84c2f0569b8b65cbf7fa", [:mix], [{:makeup, "~> 0.5.5", [hex: :makeup, repo: "hexpm", optional: false]}], "hexpm"},
  "membrane_caps_video_h264": {:hex, :membrane_caps_video_h264, "0.1.0", "d10eb30fdc00175aaeb4bb0d5cb4c031cc319e29330b5585bef2044352161584", [:mix], [], "hexpm"},
  "membrane_caps_video_raw": {:hex, :membrane_caps_video_raw, "0.1.0", "6aa751b0c338ea6672540b7ec7ad2be0d23bad931b8a8776757da9b279070a3b", [:mix], [], "hexpm"},
  "membrane_common_c": {:hex, :membrane_common_c, "0.2.0", "6e6b04456fb6737d94ed15e55f363bf6c338b05936f1c49f3082a037b5ff4ce4", [:mix], [{:bundlex, "~> 0.1.3", [hex: :bundlex, repo: "hexpm", optional: false]}, {:membrane_core, "~> 0.2.0", [hex: :membrane_core, repo: "hexpm", optional: false]}, {:shmex, "~> 0.1.2", [hex: :shmex, repo: "hexpm", optional: false]}, {:unifex, "~> 0.1.0", [hex: :unifex, repo: "hexpm", optional: false]}], "hexpm"},
  "membrane_core": {:hex, :membrane_core, "0.2.0", "de05223ce50661518d47ac9bfb79854483490d8322876724c86cef3aa806b66c", [:mix], [{:bunch, "~> 0.1.2", [hex: :bunch, repo: "hexpm", optional: false]}, {:qex, "~> 0.3", [hex: :qex, repo: "hexpm", optional: false]}], "hexpm"},
  "membrane_element_file": {:hex, :membrane_element_file, "0.2.0", "3cc1c8052c9a705b17d1a73322204fedf80fecf443a70e55690b39af44575d8c", [:mix], [{:bunch, "~> 0.1.2", [hex: :bunch, repo: "hexpm", optional: false]}, {:membrane_core, "~> 0.2.0", [hex: :membrane_core, repo: "hexpm", optional: false]}, {:mockery, "~> 2.2", [hex: :mockery, repo: "hexpm", optional: false]}], "hexpm"},
  "membrane_element_rawvideo_parser": {:hex, :membrane_element_rawvideo_parser, "0.1.0", "12a44330b315ac776411be456292c55fa9385d4b251acf013b26ec5e20f70fc9", [:mix], [{:membrane_caps_video_raw, "~> 0.1", [hex: :membrane_caps_video_raw, repo: "hexpm", optional: false]}, {:membrane_core, "~> 0.2", [hex: :membrane_core, repo: "hexpm", optional: false]}], "hexpm"},
  "membrane_loggers": {:hex, :membrane_loggers, "0.1.0", "76e944844a7c8cf45a2b5dd3ab6802a3c8f41a4efd823f63f4a69d9aac08230f", [:mix], [{:bundlex, "~> 0.1", [hex: :bundlex, repo: "hexpm", optional: false]}, {:membrane_common_c, "~> 0.1", [hex: :membrane_common_c, repo: "hexpm", optional: false]}, {:membrane_core, "~> 0.1", [hex: :membrane_core, repo: "hexpm", optional: false]}], "hexpm"},
  "mockery": {:hex, :mockery, "2.3.0", "f1af3976916e7402427116f491e3038a251857de8f0836952c2fa24ad6de4317", [:mix], [], "hexpm"},
  "nimble_parsec": {:hex, :nimble_parsec, "0.4.0", "ee261bb53214943679422be70f1658fff573c5d0b0a1ecd0f18738944f818efe", [:mix], [], "hexpm"},
  "porcelain": {:hex, :porcelain, "2.0.3", "2d77b17d1f21fed875b8c5ecba72a01533db2013bd2e5e62c6d286c029150fdc", [:mix], [], "hexpm"},
  "qex": {:hex, :qex, "0.5.0", "5a3a9becf67d4006377c4c247ffdaaa8ae5b3634a0caadb788dc24d6125068f4", [:mix], [], "hexpm"},
  "shmex": {:hex, :shmex, "0.1.2", "c12c11b7bf315589d7aef4de1030e5d15c72c25a828624daf81d76a50ce894c2", [:mix], [{:bunch, "~> 0.1.2", [hex: :bunch, repo: "hexpm", optional: false]}, {:bunch_native, "~> 0.1.1", [hex: :bunch_native, repo: "hexpm", optional: false]}, {:bundlex, "~> 0.1.3", [hex: :bundlex, repo: "hexpm", optional: false]}], "hexpm"},
  "unifex": {:hex, :unifex, "0.1.0", "1937dfceba8fe9b9cbc58d1091615e07814c736cc5adf8b159f8e65a9b4468f4", [:mix], [{:bunch, "~> 0.1.2", [hex: :bunch, repo: "hexpm", optional: false]}, {:bundlex, "~> 0.1.3", [hex: :bundlex, repo: "hexpm", optional: false]}, {:shmex, "~> 0.1.2", [hex: :shmex, repo: "hexpm", optional: false]}], "hexpm"},
}
