%{
  "bunch": {:hex, :bunch, "1.1.0", "bf9ca22c788ad4f486afb4d6d5e1211ab09cbee473c5cf370e6e550b1df4bc4b", [:mix], [], "hexpm"},
  "bunch_native": {:hex, :bunch_native, "0.2.0", "287a1e3af526df95f3e623faea1c67a7efb4d78ffb827c7a9018ae7528adc29f", [:mix], [{:bundlex, "~> 0.2.0", [hex: :bundlex, repo: "hexpm", optional: false]}], "hexpm"},
  "bundlex": {:hex, :bundlex, "0.2.7", "8f46199bf4cf84a60cdfc142edeafbab37040167acc35dda8aa70433f2ff8162", [:mix], [{:bunch, "~> 1.0", [hex: :bunch, repo: "hexpm", optional: false]}, {:qex, "~> 0.5", [hex: :qex, repo: "hexpm", optional: false]}, {:secure_random, "~> 0.5", [hex: :secure_random, repo: "hexpm", optional: false]}], "hexpm"},
  "earmark": {:hex, :earmark, "1.3.4", "52aba89c60529284df5fc18adc4c808b7346e72668bc2fb2b68d7394996c4af8", [:mix], [], "hexpm"},
  "ex_doc": {:hex, :ex_doc, "0.19.3", "3c7b0f02851f5fc13b040e8e925051452e41248f685e40250d7e40b07b9f8c10", [:mix], [{:earmark, "~> 1.2", [hex: :earmark, repo: "hexpm", optional: false]}, {:makeup_elixir, "~> 0.10", [hex: :makeup_elixir, repo: "hexpm", optional: false]}], "hexpm"},
  "exprintf": {:hex, :exprintf, "0.2.1", "b7e895dfb00520cfb7fc1671303b63b37dc3897c59be7cbf1ae62f766a8a0314", [:mix], [], "hexpm"},
  "exprof": {:hex, :exprof, "0.2.3", "8d4d657d73fc0c9ef1e30b2f9207b26ccbd2aec2baf1ca43f0b6d244c841c9f8", [:mix], [{:exprintf, "~> 0.2", [hex: :exprintf, repo: "hexpm", optional: false]}], "hexpm"},
  "makeup": {:hex, :makeup, "1.0.0", "671df94cf5a594b739ce03b0d0316aa64312cee2574b6a44becb83cd90fb05dc", [:mix], [{:nimble_parsec, "~> 0.5.0", [hex: :nimble_parsec, repo: "hexpm", optional: false]}], "hexpm"},
  "makeup_elixir": {:hex, :makeup_elixir, "0.14.0", "cf8b7c66ad1cff4c14679698d532f0b5d45a3968ffbcbfd590339cb57742f1ae", [:mix], [{:makeup, "~> 1.0", [hex: :makeup, repo: "hexpm", optional: false]}], "hexpm"},
  "membrane_caps_video_h264": {:hex, :membrane_caps_video_h264, "0.1.0", "d10eb30fdc00175aaeb4bb0d5cb4c031cc319e29330b5585bef2044352161584", [:mix], [], "hexpm"},
  "membrane_caps_video_raw": {:hex, :membrane_caps_video_raw, "0.1.0", "6aa751b0c338ea6672540b7ec7ad2be0d23bad931b8a8776757da9b279070a3b", [:mix], [], "hexpm"},
  "membrane_common_c": {:hex, :membrane_common_c, "0.2.3", "391c1a96b9434e1dea90845bfeafc197ce5f2a2507a5a7af06773e73e1e086e8", [:mix], [{:bundlex, "~> 0.2.0", [hex: :bundlex, repo: "hexpm", optional: false]}, {:membrane_core, "~> 0.3.0", [hex: :membrane_core, repo: "hexpm", optional: false]}, {:shmex, "~> 0.2.0", [hex: :shmex, repo: "hexpm", optional: false]}, {:unifex, "~> 0.2.0", [hex: :unifex, repo: "hexpm", optional: false]}], "hexpm"},
  "membrane_core": {:git, "https://github.com/membraneframework/membrane-core.git", "0ad2313c8ad51986254231bb76640e7150135f4c", [branch: "new-testing-api"]},
  "membrane_element_file": {:hex, :membrane_element_file, "0.2.3", "e8134811a730601b5096284aac4793ceb31f1755baf20ee2649db9e403d2ef46", [:mix], [{:membrane_core, "~> 0.3.0", [hex: :membrane_core, repo: "hexpm", optional: false]}, {:mockery, "~> 2.2", [hex: :mockery, repo: "hexpm", optional: false]}], "hexpm"},
  "membrane_element_rawvideo_parser": {:hex, :membrane_element_rawvideo_parser, "0.1.1", "9cbef4268a253ada6951633d54081d489fc87ae0293052be4cc53cf2bd30ae79", [:mix], [{:membrane_caps_video_raw, "~> 0.1.0", [hex: :membrane_caps_video_raw, repo: "hexpm", optional: false]}, {:membrane_core, "~> 0.3.0", [hex: :membrane_core, repo: "hexpm", optional: false]}], "hexpm"},
  "membrane_loggers": {:hex, :membrane_loggers, "0.1.0", "76e944844a7c8cf45a2b5dd3ab6802a3c8f41a4efd823f63f4a69d9aac08230f", [:mix], [{:bundlex, "~> 0.1", [hex: :bundlex, repo: "hexpm", optional: false]}, {:membrane_common_c, "~> 0.1", [hex: :membrane_common_c, repo: "hexpm", optional: false]}, {:membrane_core, "~> 0.1", [hex: :membrane_core, repo: "hexpm", optional: false]}], "hexpm"},
  "mockery": {:hex, :mockery, "2.3.0", "f1af3976916e7402427116f491e3038a251857de8f0836952c2fa24ad6de4317", [:mix], [], "hexpm"},
  "nimble_parsec": {:hex, :nimble_parsec, "0.5.0", "90e2eca3d0266e5c53f8fbe0079694740b9c91b6747f2b7e3c5d21966bba8300", [:mix], [], "hexpm"},
  "porcelain": {:hex, :porcelain, "2.0.3", "2d77b17d1f21fed875b8c5ecba72a01533db2013bd2e5e62c6d286c029150fdc", [:mix], [], "hexpm"},
  "qex": {:hex, :qex, "0.5.0", "5a3a9becf67d4006377c4c247ffdaaa8ae5b3634a0caadb788dc24d6125068f4", [:mix], [], "hexpm"},
  "secure_random": {:hex, :secure_random, "0.5.1", "c5532b37c89d175c328f5196a0c2a5680b15ebce3e654da37129a9fe40ebf51b", [:mix], [], "hexpm"},
  "shmex": {:hex, :shmex, "0.2.0", "2dc5e3919171e69993729fab2eee5bde6b679a4c7da91fd88e41c4254cc65fef", [:mix], [{:bunch_native, "~> 0.2.0", [hex: :bunch_native, repo: "hexpm", optional: false]}, {:bundlex, "~> 0.2.4", [hex: :bundlex, repo: "hexpm", optional: false]}], "hexpm"},
  "unifex": {:hex, :unifex, "0.2.5", "a279c09e0bc2a9a50b5fa0552c36783964601f803bb27813122bb17a03be4ebf", [:mix], [{:bunch, "~> 1.0", [hex: :bunch, repo: "hexpm", optional: false]}, {:bundlex, "~> 0.2.0", [hex: :bundlex, repo: "hexpm", optional: false]}, {:shmex, "~> 0.2.0", [hex: :shmex, repo: "hexpm", optional: false]}], "hexpm"},
}
