%{
  "bunch": {:git, "https://github.com/membraneframework/bunch.git", "a8e2b5803c8d802d4e95a82100e1a16afcb7f637", []},
  "bunch_native": {:hex, :bunch_native, "0.1.1", "9895b2cf5e5c6847af5de80c8d485ea9c69021a21e74c7237ab64e7a225c06c2", [:mix], [{:bundlex, "~> 0.1", [hex: :bundlex, repo: "hexpm", optional: false]}], "hexpm"},
  "bundlex": {:hex, :bundlex, "0.1.3", "f55cce979fe656e48ae7fc4d36a90c65fce907632d65b54828388735a71b840b", [:mix], [{:porcelain, "~> 2.0", [hex: :porcelain, repo: "hexpm", optional: false]}], "hexpm"},
  "earmark": {:hex, :earmark, "1.2.6", "b6da42b3831458d3ecc57314dff3051b080b9b2be88c2e5aa41cd642a5b044ed", [:mix], [], "hexpm"},
  "ex_doc": {:hex, :ex_doc, "0.19.1", "519bb9c19526ca51d326c060cb1778d4a9056b190086a8c6c115828eaccea6cf", [:mix], [{:earmark, "~> 1.1", [hex: :earmark, repo: "hexpm", optional: false]}, {:makeup_elixir, "~> 0.7", [hex: :makeup_elixir, repo: "hexpm", optional: false]}], "hexpm"},
  "exprintf": {:hex, :exprintf, "0.2.1", "b7e895dfb00520cfb7fc1671303b63b37dc3897c59be7cbf1ae62f766a8a0314", [:mix], [], "hexpm"},
  "exprof": {:hex, :exprof, "0.2.3", "8d4d657d73fc0c9ef1e30b2f9207b26ccbd2aec2baf1ca43f0b6d244c841c9f8", [:mix], [{:exprintf, "~> 0.2", [hex: :exprintf, repo: "hexpm", optional: false]}], "hexpm"},
  "makeup": {:hex, :makeup, "0.5.5", "9e08dfc45280c5684d771ad58159f718a7b5788596099bdfb0284597d368a882", [:mix], [{:nimble_parsec, "~> 0.4", [hex: :nimble_parsec, repo: "hexpm", optional: false]}], "hexpm"},
  "makeup_elixir": {:hex, :makeup_elixir, "0.10.0", "0f09c2ddf352887a956d84f8f7e702111122ca32fbbc84c2f0569b8b65cbf7fa", [:mix], [{:makeup, "~> 0.5.5", [hex: :makeup, repo: "hexpm", optional: false]}], "hexpm"},
  "membrane_caps_video_h264": {:git, "https://github.com/membraneframework/membrane-caps-video-h264.git", "945dba664fcbf7ca6b7301ab45368306aafec858", [branch: "develop"]},
  "membrane_caps_video_raw": {:git, "https://github.com/membraneframework/membrane-caps-video-raw.git", "3f0e7bbb93b3e3ba81340163aa3a7ebfffb4b823", [branch: "develop"]},
  "membrane_common_c": {:git, "https://github.com/membraneframework/membrane-common-c.git", "2fe08daf65bba1ee3ff8920f461f05d76ac7f7de", [branch: "feature/shmex_unifex"]},
  "membrane_core": {:git, "https://github.com/membraneframework/membrane-core.git", "14128ef486d0ac720912da443d7626ac9d860ec8", [branch: "redemands"]},
  "membrane_element_file": {:git, "https://github.com/membraneframework/membrane-element-file.git", "c11e1122ec328072fcd7d29e3d8029e4c9aa2832", [branch: "feature/release_v0.2"]},
  "membrane_loggers": {:hex, :membrane_loggers, "0.1.0", "76e944844a7c8cf45a2b5dd3ab6802a3c8f41a4efd823f63f4a69d9aac08230f", [:mix], [{:bundlex, "~> 0.1", [hex: :bundlex, repo: "hexpm", optional: false]}, {:membrane_common_c, "~> 0.1", [hex: :membrane_common_c, repo: "hexpm", optional: false]}, {:membrane_core, "~> 0.1", [hex: :membrane_core, repo: "hexpm", optional: false]}], "hexpm"},
  "mockery": {:hex, :mockery, "2.2.0", "67304d5e1d247e698b171913689369bd23c94e437b4a8f32777c6f74b98cb36f", [:mix], [], "hexpm"},
  "nimble_parsec": {:hex, :nimble_parsec, "0.4.0", "ee261bb53214943679422be70f1658fff573c5d0b0a1ecd0f18738944f818efe", [:mix], [], "hexpm"},
  "porcelain": {:hex, :porcelain, "2.0.3", "2d77b17d1f21fed875b8c5ecba72a01533db2013bd2e5e62c6d286c029150fdc", [:mix], [], "hexpm"},
  "qex": {:hex, :qex, "0.5.0", "5a3a9becf67d4006377c4c247ffdaaa8ae5b3634a0caadb788dc24d6125068f4", [:mix], [], "hexpm"},
  "shmex": {:git, "https://github.com/membraneframework/shmex.git", "379d4a91b4641922240d2ae1beb202f05671fc23", []},
  "unifex": {:git, "https://github.com/membraneframework/unifex.git", "dc87cc455daca2ad8e89ac53532f89b921975fbc", [branch: "misc-ffmpeg-h264"]},
}
